// !$*UTF8*$!
{
	archiveVersion = 1;
	classes = {
	};
	objectVersion = 46;
	objects = {

/* Begin PBXBuildFile section */
		542751CD1B33A999001FD605 /* AppDelegate.swift in Sources */ = {isa = PBXBuildFile; fileRef = 542751CC1B33A999001FD605 /* AppDelegate.swift */; };
		542751D01B33A999001FD605 /* CoreDataPractice.xcdatamodeld in Sources */ = {isa = PBXBuildFile; fileRef = 542751CE1B33A999001FD605 /* CoreDataPractice.xcdatamodeld */; };
		542751D21B33A999001FD605 /* ViewController.swift in Sources */ = {isa = PBXBuildFile; fileRef = 542751D11B33A999001FD605 /* ViewController.swift */; };
		542751D51B33A999001FD605 /* Main.storyboard in Resources */ = {isa = PBXBuildFile; fileRef = 542751D31B33A999001FD605 /* Main.storyboard */; };
		542751D71B33A999001FD605 /* Images.xcassets in Resources */ = {isa = PBXBuildFile; fileRef = 542751D61B33A999001FD605 /* Images.xcassets */; };
		542751DA1B33A999001FD605 /* LaunchScreen.xib in Resources */ = {isa = PBXBuildFile; fileRef = 542751D81B33A999001FD605 /* LaunchScreen.xib */; };
		542751E61B33A999001FD605 /* CoreDataPracticeTests.swift in Sources */ = {isa = PBXBuildFile; fileRef = 542751E51B33A999001FD605 /* CoreDataPracticeTests.swift */; };
		542751F01B33AA68001FD605 /* ParkingSpot.swift in Sources */ = {isa = PBXBuildFile; fileRef = 542751EF1B33AA68001FD605 /* ParkingSpot.swift */; };
		542751F21B33AA69001FD605 /* SpotType.swift in Sources */ = {isa = PBXBuildFile; fileRef = 542751F11B33AA69001FD605 /* SpotType.swift */; };
/* End PBXBuildFile section */

/* Begin PBXContainerItemProxy section */
		542751E01B33A999001FD605 /* PBXContainerItemProxy */ = {
			isa = PBXContainerItemProxy;
			containerPortal = 542751BF1B33A999001FD605 /* Project object */;
			proxyType = 1;
			remoteGlobalIDString = 542751C61B33A999001FD605;
			remoteInfo = CoreDataPractice;
		};
/* End PBXContainerItemProxy section */

/* Begin PBXFileReference section */
		542751C71B33A999001FD605 /* CoreDataPractice.app */ = {isa = PBXFileReference; explicitFileType = wrapper.application; includeInIndex = 0; path = CoreDataPractice.app; sourceTree = BUILT_PRODUCTS_DIR; };
		542751CB1B33A999001FD605 /* Info.plist */ = {isa = PBXFileReference; lastKnownFileType = text.plist.xml; path = Info.plist; sourceTree = "<group>"; };
		542751CC1B33A999001FD605 /* AppDelegate.swift */ = {isa = PBXFileReference; lastKnownFileType = sourcecode.swift; path = AppDelegate.swift; sourceTree = "<group>"; };
		542751CF1B33A999001FD605 /* CoreDataPractice.xcdatamodel */ = {isa = PBXFileReference; lastKnownFileType = wrapper.xcdatamodel; path = CoreDataPractice.xcdatamodel; sourceTree = "<group>"; };
		542751D11B33A999001FD605 /* ViewController.swift */ = {isa = PBXFileReference; lastKnownFileType = sourcecode.swift; path = ViewController.swift; sourceTree = "<group>"; };
		542751D41B33A999001FD605 /* Base */ = {isa = PBXFileReference; lastKnownFileType = file.storyboard; name = Base; path = Base.lproj/Main.storyboard; sourceTree = "<group>"; };
		542751D61B33A999001FD605 /* Images.xcassets */ = {isa = PBXFileReference; lastKnownFileType = folder.assetcatalog; path = Images.xcassets; sourceTree = "<group>"; };
		542751D91B33A999001FD605 /* Base */ = {isa = PBXFileReference; lastKnownFileType = file.xib; name = Base; path = Base.lproj/LaunchScreen.xib; sourceTree = "<group>"; };
		542751DF1B33A999001FD605 /* CoreDataPracticeTests.xctest */ = {isa = PBXFileReference; explicitFileType = wrapper.cfbundle; includeInIndex = 0; path = CoreDataPracticeTests.xctest; sourceTree = BUILT_PRODUCTS_DIR; };
		542751E41B33A999001FD605 /* Info.plist */ = {isa = PBXFileReference; lastKnownFileType = text.plist.xml; path = Info.plist; sourceTree = "<group>"; };
		542751E51B33A999001FD605 /* CoreDataPracticeTests.swift */ = {isa = PBXFileReference; lastKnownFileType = sourcecode.swift; path = CoreDataPracticeTests.swift; sourceTree = "<group>"; };
		542751EF1B33AA68001FD605 /* ParkingSpot.swift */ = {isa = PBXFileReference; fileEncoding = 4; lastKnownFileType = sourcecode.swift; path = ParkingSpot.swift; sourceTree = "<group>"; };
		542751F11B33AA69001FD605 /* SpotType.swift */ = {isa = PBXFileReference; fileEncoding = 4; lastKnownFileType = sourcecode.swift; path = SpotType.swift; sourceTree = "<group>"; };
/* End PBXFileReference section */

/* Begin PBXFrameworksBuildPhase section */
		542751C41B33A999001FD605 /* Frameworks */ = {
			isa = PBXFrameworksBuildPhase;
			buildActionMask = 2147483647;
			files = (
			);
			runOnlyForDeploymentPostprocessing = 0;
		};
		542751DC1B33A999001FD605 /* Frameworks */ = {
			isa = PBXFrameworksBuildPhase;
			buildActionMask = 2147483647;
			files = (
			);
			runOnlyForDeploymentPostprocessing = 0;
		};
/* End PBXFrameworksBuildPhase section */

/* Begin PBXGroup section */
		542751BE1B33A999001FD605 = {
			isa = PBXGroup;
			children = (
				542751C91B33A999001FD605 /* CoreDataPractice */,
				542751E21B33A999001FD605 /* CoreDataPracticeTests */,
				542751C81B33A999001FD605 /* Products */,
			);
			sourceTree = "<group>";
		};
		542751C81B33A999001FD605 /* Products */ = {
			isa = PBXGroup;
			children = (
				542751C71B33A999001FD605 /* CoreDataPractice.app */,
				542751DF1B33A999001FD605 /* CoreDataPracticeTests.xctest */,
			);
			name = Products;
			sourceTree = "<group>";
		};
		542751C91B33A999001FD605 /* CoreDataPractice */ = {
			isa = PBXGroup;
			children = (
				542751CC1B33A999001FD605 /* AppDelegate.swift */,
				542751D11B33A999001FD605 /* ViewController.swift */,
				542751D31B33A999001FD605 /* Main.storyboard */,
				542751D61B33A999001FD605 /* Images.xcassets */,
				542751D81B33A999001FD605 /* LaunchScreen.xib */,
				542751CE1B33A999001FD605 /* CoreDataPractice.xcdatamodeld */,
				542751F11B33AA69001FD605 /* SpotType.swift */,
				542751EF1B33AA68001FD605 /* ParkingSpot.swift */,
				542751CA1B33A999001FD605 /* Supporting Files */,
			);
			path = CoreDataPractice;
			sourceTree = "<group>";
		};
		542751CA1B33A999001FD605 /* Supporting Files */ = {
			isa = PBXGroup;
			children = (
				542751CB1B33A999001FD605 /* Info.plist */,
			);
			name = "Supporting Files";
			sourceTree = "<group>";
		};
		542751E21B33A999001FD605 /* CoreDataPracticeTests */ = {
			isa = PBXGroup;
			children = (
				542751E51B33A999001FD605 /* CoreDataPracticeTests.swift */,
				542751E31B33A999001FD605 /* Supporting Files */,
			);
			path = CoreDataPracticeTests;
			sourceTree = "<group>";
		};
		542751E31B33A999001FD605 /* Supporting Files */ = {
			isa = PBXGroup;
			children = (
				542751E41B33A999001FD605 /* Info.plist */,
			);
			name = "Supporting Files";
			sourceTree = "<group>";
		};
/* End PBXGroup section */

/* Begin PBXNativeTarget section */
		542751C61B33A999001FD605 /* CoreDataPractice */ = {
			isa = PBXNativeTarget;
			buildConfigurationList = 542751E91B33A999001FD605 /* Build configuration list for PBXNativeTarget "CoreDataPractice" */;
			buildPhases = (
				542751C31B33A999001FD605 /* Sources */,
				542751C41B33A999001FD605 /* Frameworks */,
				542751C51B33A999001FD605 /* Resources */,
			);
			buildRules = (
			);
			dependencies = (
			);
			name = CoreDataPractice;
			productName = CoreDataPractice;
			productReference = 542751C71B33A999001FD605 /* CoreDataPractice.app */;
			productType = "com.apple.product-type.application";
		};
		542751DE1B33A999001FD605 /* CoreDataPracticeTests */ = {
			isa = PBXNativeTarget;
			buildConfigurationList = 542751EC1B33A999001FD605 /* Build configuration list for PBXNativeTarget "CoreDataPracticeTests" */;
			buildPhases = (
				542751DB1B33A999001FD605 /* Sources */,
				542751DC1B33A999001FD605 /* Frameworks */,
				542751DD1B33A999001FD605 /* Resources */,
			);
			buildRules = (
			);
			dependencies = (
				542751E11B33A999001FD605 /* PBXTargetDependency */,
			);
			name = CoreDataPracticeTests;
			productName = CoreDataPracticeTests;
			productReference = 542751DF1B33A999001FD605 /* CoreDataPracticeTests.xctest */;
			productType = "com.apple.product-type.bundle.unit-test";
		};
/* End PBXNativeTarget section */

/* Begin PBXProject section */
		542751BF1B33A999001FD605 /* Project object */ = {
			isa = PBXProject;
			attributes = {
				LastUpgradeCheck = 0610;
				ORGANIZATIONNAME = "Eric Oh";
				TargetAttributes = {
					542751C61B33A999001FD605 = {
						CreatedOnToolsVersion = 6.1.1;
					};
					542751DE1B33A999001FD605 = {
						CreatedOnToolsVersion = 6.1.1;
						TestTargetID = 542751C61B33A999001FD605;
					};
				};
			};
			buildConfigurationList = 542751C21B33A999001FD605 /* Build configuration list for PBXProject "CoreDataPractice" */;
			compatibilityVersion = "Xcode 3.2";
			developmentRegion = English;
			hasScannedForEncodings = 0;
			knownRegions = (
				en,
				Base,
			);
			mainGroup = 542751BE1B33A999001FD605;
			productRefGroup = 542751C81B33A999001FD605 /* Products */;
			projectDirPath = "";
			projectRoot = "";
			targets = (
				542751C61B33A999001FD605 /* CoreDataPractice */,
				542751DE1B33A999001FD605 /* CoreDataPracticeTests */,
			);
		};
/* End PBXProject section */

/* Begin PBXResourcesBuildPhase section */
		542751C51B33A999001FD605 /* Resources */ = {
			isa = PBXResourcesBuildPhase;
			buildActionMask = 2147483647;
			files = (
				542751D51B33A999001FD605 /* Main.storyboard in Resources */,
				542751DA1B33A999001FD605 /* LaunchScreen.xib in Resources */,
				542751D71B33A999001FD605 /* Images.xcassets in Resources */,
			);
			runOnlyForDeploymentPostprocessing = 0;
		};
		542751DD1B33A999001FD605 /* Resources */ = {
			isa = PBXResourcesBuildPhase;
			buildActionMask = 2147483647;
			files = (
			);
			runOnlyForDeploymentPostprocessing = 0;
		};
/* End PBXResourcesBuildPhase section */

/* Begin PBXSourcesBuildPhase section */
		542751C31B33A999001FD605 /* Sources */ = {
			isa = PBXSourcesBuildPhase;
			buildActionMask = 2147483647;
			files = (
				542751D21B33A999001FD605 /* ViewController.swift in Sources */,
				542751CD1B33A999001FD605 /* AppDelegate.swift in Sources */,
				542751F21B33AA69001FD605 /* SpotType.swift in Sources */,
				542751F01B33AA68001FD605 /* ParkingSpot.swift in Sources */,
				542751D01B33A999001FD605 /* CoreDataPractice.xcdatamodeld in Sources */,
			);
			runOnlyForDeploymentPostprocessing = 0;
		};
		542751DB1B33A999001FD605 /* Sources */ = {
			isa = PBXSourcesBuildPhase;
			buildActionMask = 2147483647;
			files = (
				542751E61B33A999001FD605 /* CoreDataPracticeTests.swift in Sources */,
			);
			runOnlyForDeploymentPostprocessing = 0;
		};
/* End PBXSourcesBuildPhase section */

/* Begin PBXTargetDependency section */
		542751E11B33A999001FD605 /* PBXTargetDependency */ = {
			isa = PBXTargetDependency;
			target = 542751C61B33A999001FD605 /* CoreDataPractice */;
			targetProxy = 542751E01B33A999001FD605 /* PBXContainerItemProxy */;
		};
/* End PBXTargetDependency section */

/* Begin PBXVariantGroup section */
		542751D31B33A999001FD605 /* Main.storyboard */ = {
			isa = PBXVariantGroup;
			children = (
				542751D41B33A999001FD605 /* Base */,
			);
			name = Main.storyboard;
			sourceTree = "<group>";
		};
		542751D81B33A999001FD605 /* LaunchScreen.xib */ = {
			isa = PBXVariantGroup;
			children = (
				542751D91B33A999001FD605 /* Base */,
			);
			name = LaunchScreen.xib;
			sourceTree = "<group>";
		};
/* End PBXVariantGroup section */

/* Begin XCBuildConfiguration section */
		542751E71B33A999001FD605 /* Debug */ = {
			isa = XCBuildConfiguration;
			buildSettings = {
				ALWAYS_SEARCH_USER_PATHS = NO;
				CLANG_CXX_LANGUAGE_STANDARD = "gnu++0x";
				CLANG_CXX_LIBRARY = "libc++";
				CLANG_ENABLE_MODULES = YES;
				CLANG_ENABLE_OBJC_ARC = YES;
				CLANG_WARN_BOOL_CONVERSION = YES;
				CLANG_WARN_CONSTANT_CONVERSION = YES;
				CLANG_WARN_DIRECT_OBJC_ISA_USAGE = YES_ERROR;
				CLANG_WARN_EMPTY_BODY = YES;
				CLANG_WARN_ENUM_CONVERSION = YES;
				CLANG_WARN_INT_CONVERSION = YES;
				CLANG_WARN_OBJC_ROOT_CLASS = YES_ERROR;
				CLANG_WARN_UNREACHABLE_CODE = YES;
				CLANG_WARN__DUPLICATE_METHOD_MATCH = YES;
				"CODE_SIGN_IDENTITY[sdk=iphoneos*]" = "iPhone Developer";
				COPY_PHASE_STRIP = NO;
				ENABLE_STRICT_OBJC_MSGSEND = YES;
				GCC_C_LANGUAGE_STANDARD = gnu99;
				GCC_DYNAMIC_NO_PIC = NO;
				GCC_OPTIMIZATION_LEVEL = 0;
				GCC_PREPROCESSOR_DEFINITIONS = (
					"DEBUG=1",
					"$(inherited)",
				);
				GCC_SYMBOLS_PRIVATE_EXTERN = NO;
				GCC_WARN_64_TO_32_BIT_CONVERSION = YES;
				GCC_WARN_ABOUT_RETURN_TYPE = YES_ERROR;
				GCC_WARN_UNDECLARED_SELECTOR = YES;
				GCC_WARN_UNINITIALIZED_AUTOS = YES_AGGRESSIVE;
				GCC_WARN_UNUSED_FUNCTION = YES;
				GCC_WARN_UNUSED_VARIABLE = YES;
				IPHONEOS_DEPLOYMENT_TARGET = 8.1;
				MTL_ENABLE_DEBUG_INFO = YES;
				ONLY_ACTIVE_ARCH = YES;
				SDKROOT = iphoneos;
				SWIFT_OPTIMIZATION_LEVEL = "-Onone";
				TARGETED_DEVICE_FAMILY = "1,2";
			};
			name = Debug;
		};
		542751E81B33A999001FD605 /* Release */ = {
			isa = XCBuildConfiguration;
			buildSettings = {
				ALWAYS_SEARCH_USER_PATHS = NO;
				CLANG_CXX_LANGUAGE_STANDARD = "gnu++0x";
				CLANG_CXX_LIBRARY = "libc++";
				CLANG_ENABLE_MODULES = YES;
				CLANG_ENABLE_OBJC_ARC = YES;
				CLANG_WARN_BOOL_CONVERSION = YES;
				CLANG_WARN_CONSTANT_CONVERSION = YES;
				CLANG_WARN_DIRECT_OBJC_ISA_USAGE = YES_ERROR;
				CLANG_WARN_EMPTY_BODY = YES;
				CLANG_WARN_ENUM_CONVERSION = YES;
				CLANG_WARN_INT_CONVERSION = YES;
				CLANG_WARN_OBJC_ROOT_CLASS = YES_ERROR;
				CLANG_WARN_UNREACHABLE_CODE = YES;
				CLANG_WARN__DUPLICATE_METHOD_MATCH = YES;
				"CODE_SIGN_IDENTITY[sdk=iphoneos*]" = "iPhone Developer";
				COPY_PHASE_STRIP = YES;
				ENABLE_NS_ASSERTIONS = NO;
				ENABLE_STRICT_OBJC_MSGSEND = YES;
				GCC_C_LANGUAGE_STANDARD = gnu99;
				GCC_WARN_64_TO_32_BIT_CONVERSION = YES;
				GCC_WARN_ABOUT_RETURN_TYPE = YES_ERROR;
				GCC_WARN_UNDECLARED_SELECTOR = YES;
				GCC_WARN_UNINITIALIZED_AUTOS = YES_AGGRESSIVE;
				GCC_WARN_UNUSED_FUNCTION = YES;
				GCC_WARN_UNUSED_VARIABLE = YES;
				IPHONEOS_DEPLOYMENT_TARGET = 8.1;
				MTL_ENABLE_DEBUG_INFO = NO;
				SDKROOT = iphoneos;
				TARGETED_DEVICE_FAMILY = "1,2";
				VALIDATE_PRODUCT = YES;
			};
			name = Release;
		};
		542751EA1B33A999001FD605 /* Debug */ = {
			isa = XCBuildConfiguration;
			buildSettings = {
				ASSETCATALOG_COMPILER_APPICON_NAME = AppIcon;
				INFOPLIST_FILE = CoreDataPractice/Info.plist;
				LD_RUNPATH_SEARCH_PATHS = "$(inherited) @executable_path/Frameworks";
				PRODUCT_NAME = "$(TARGET_NAME)";
			};
			name = Debug;
		};
		542751EB1B33A999001FD605 /* Release */ = {
			isa = XCBuildConfiguration;
			buildSettings = {
				ASSETCATALOG_COMPILER_APPICON_NAME = AppIcon;
				INFOPLIST_FILE = CoreDataPractice/Info.plist;
				LD_RUNPATH_SEARCH_PATHS = "$(inherited) @executable_path/Frameworks";
				PRODUCT_NAME = "$(TARGET_NAME)";
			};
			name = Release;
		};
		542751ED1B33A999001FD605 /* Debug */ = {
			isa = XCBuildConfiguration;
			buildSettings = {
				BUNDLE_LOADER = "$(TEST_HOST)";
				FRAMEWORK_SEARCH_PATHS = (
					"$(SDKROOT)/Developer/Library/Frameworks",
					"$(inherited)",
				);
				GCC_PREPROCESSOR_DEFINITIONS = (
					"DEBUG=1",
					"$(inherited)",
				);
				INFOPLIST_FILE = CoreDataPracticeTests/Info.plist;
				LD_RUNPATH_SEARCH_PATHS = "$(inherited) @executable_path/Frameworks @loader_path/Frameworks";
				PRODUCT_NAME = "$(TARGET_NAME)";
				TEST_HOST = "$(BUILT_PRODUCTS_DIR)/CoreDataPractice.app/CoreDataPractice";
			};
			name = Debug;
		};
		542751EE1B33A999001FD605 /* Release */ = {
			isa = XCBuildConfiguration;
			buildSettings = {
				BUNDLE_LOADER = "$(TEST_HOST)";
				FRAMEWORK_SEARCH_PATHS = (
					"$(SDKROOT)/Developer/Library/Frameworks",
					"$(inherited)",
				);
				INFOPLIST_FILE = CoreDataPracticeTests/Info.plist;
				LD_RUNPATH_SEARCH_PATHS = "$(inherited) @executable_path/Frameworks @loader_path/Frameworks";
				PRODUCT_NAME = "$(TARGET_NAME)";
				TEST_HOST = "$(BUILT_PRODUCTS_DIR)/CoreDataPractice.app/CoreDataPractice";
			};
			name = Release;
		};
/* End XCBuildConfiguration section */

/* Begin XCConfigurationList section */
		542751C21B33A999001FD605 /* Build configuration list for PBXProject "CoreDataPractice" */ = {
			isa = XCConfigurationList;
			buildConfigurations = (
				542751E71B33A999001FD605 /* Debug */,
				542751E81B33A999001FD605 /* Release */,
			);
			defaultConfigurationIsVisible = 0;
			defaultConfigurationName = Release;
		};
		542751E91B33A999001FD605 /* Build configuration list for PBXNativeTarget "CoreDataPractice" */ = {
			isa = XCConfigurationList;
			buildConfigurations = (
				542751EA1B33A999001FD605 /* Debug */,
				542751EB1B33A999001FD605 /* Release */,
			);
			defaultConfigurationIsVisible = 0;
		};
		542751EC1B33A999001FD605 /* Build configuration list for PBXNativeTarget "CoreDataPracticeTests" */ = {
			isa = XCConfigurationList;
			buildConfigurations = (
				542751ED1B33A999001FD605 /* Debug */,
				542751EE1B33A999001FD605 /* Release */,
			);
			defaultConfigurationIsVisible = 0;
		};
/* End XCConfigurationList section */

/* Begin XCVersionGroup section */
		542751CE1B33A999001FD605 /* CoreDataPractice.xcdatamodeld */ = {
			isa = XCVersionGroup;
			children = (
				542751CF1B33A999001FD605 /* CoreDataPractice.xcdatamodel */,
			);
			currentVersion = 542751CF1B33A999001FD605 /* CoreDataPractice.xcdatamodel */;
			path = CoreDataPractice.xcdatamodeld;
			sourceTree = "<group>";
			versionGroupType = wrapper.xcdatamodel;
		};
/* End XCVersionGroup section */
	};
	rootObject = 542751BF1B33A999001FD605 /* Project object */;
}
